// !$*UTF8*$!
{
	archiveVersion = 1;
	classes = {
	};
	objectVersion = 56;
	objects = {

/* Begin PBXBuildFile section */
		4480D1F52A6D8B200005E1F7 /* AppDelegate.swift in Sources */ = {isa = PBXBuildFile; fileRef = 4480D1F42A6D8B200005E1F7 /* AppDelegate.swift */; };
		4480D1F72A6D8B200005E1F7 /* SceneDelegate.swift in Sources */ = {isa = PBXBuildFile; fileRef = 4480D1F62A6D8B200005E1F7 /* SceneDelegate.swift */; };
		4480D1F92A6D8B200005E1F7 /* ViewController.swift in Sources */ = {isa = PBXBuildFile; fileRef = 4480D1F82A6D8B200005E1F7 /* ViewController.swift */; };
		4480D1FC2A6D8B200005E1F7 /* Main.storyboard in Resources */ = {isa = PBXBuildFile; fileRef = 4480D1FA2A6D8B200005E1F7 /* Main.storyboard */; };
		4480D1FF2A6D8B200005E1F7 /* Product_Viewer_App.xcdatamodeld in Sources */ = {isa = PBXBuildFile; fileRef = 4480D1FD2A6D8B200005E1F7 /* Product_Viewer_App.xcdatamodeld */; };
		4480D2012A6D8B230005E1F7 /* Assets.xcassets in Resources */ = {isa = PBXBuildFile; fileRef = 4480D2002A6D8B230005E1F7 /* Assets.xcassets */; };
		4480D2042A6D8B230005E1F7 /* LaunchScreen.storyboard in Resources */ = {isa = PBXBuildFile; fileRef = 4480D2022A6D8B230005E1F7 /* LaunchScreen.storyboard */; };
		4480D20F2A6D8B240005E1F7 /* Product_Viewer_AppTests.swift in Sources */ = {isa = PBXBuildFile; fileRef = 4480D20E2A6D8B240005E1F7 /* Product_Viewer_AppTests.swift */; };
		4480D2192A6D8B240005E1F7 /* Product_Viewer_AppUITests.swift in Sources */ = {isa = PBXBuildFile; fileRef = 4480D2182A6D8B240005E1F7 /* Product_Viewer_AppUITests.swift */; };
		4480D21B2A6D8B240005E1F7 /* Product_Viewer_AppUITestsLaunchTests.swift in Sources */ = {isa = PBXBuildFile; fileRef = 4480D21A2A6D8B240005E1F7 /* Product_Viewer_AppUITestsLaunchTests.swift */; };
/* End PBXBuildFile section */

/* Begin PBXContainerItemProxy section */
		4480D20B2A6D8B240005E1F7 /* PBXContainerItemProxy */ = {
			isa = PBXContainerItemProxy;
			containerPortal = 4480D1E92A6D8B200005E1F7 /* Project object */;
			proxyType = 1;
			remoteGlobalIDString = 4480D1F02A6D8B200005E1F7;
			remoteInfo = "Product Viewer App";
		};
		4480D2152A6D8B240005E1F7 /* PBXContainerItemProxy */ = {
			isa = PBXContainerItemProxy;
			containerPortal = 4480D1E92A6D8B200005E1F7 /* Project object */;
			proxyType = 1;
			remoteGlobalIDString = 4480D1F02A6D8B200005E1F7;
			remoteInfo = "Product Viewer App";
		};
/* End PBXContainerItemProxy section */

/* Begin PBXFileReference section */
		4480D1F12A6D8B200005E1F7 /* Product Viewer App.app */ = {isa = PBXFileReference; explicitFileType = wrapper.application; includeInIndex = 0; path = "Product Viewer App.app"; sourceTree = BUILT_PRODUCTS_DIR; };
		4480D1F42A6D8B200005E1F7 /* AppDelegate.swift */ = {isa = PBXFileReference; lastKnownFileType = sourcecode.swift; path = AppDelegate.swift; sourceTree = "<group>"; };
		4480D1F62A6D8B200005E1F7 /* SceneDelegate.swift */ = {isa = PBXFileReference; lastKnownFileType = sourcecode.swift; path = SceneDelegate.swift; sourceTree = "<group>"; };
		4480D1F82A6D8B200005E1F7 /* ViewController.swift */ = {isa = PBXFileReference; lastKnownFileType = sourcecode.swift; path = ViewController.swift; sourceTree = "<group>"; };
		4480D1FB2A6D8B200005E1F7 /* Base */ = {isa = PBXFileReference; lastKnownFileType = file.storyboard; name = Base; path = Base.lproj/Main.storyboard; sourceTree = "<group>"; };
		4480D1FE2A6D8B200005E1F7 /* Product_Viewer_App.xcdatamodel */ = {isa = PBXFileReference; lastKnownFileType = wrapper.xcdatamodel; path = Product_Viewer_App.xcdatamodel; sourceTree = "<group>"; };
		4480D2002A6D8B230005E1F7 /* Assets.xcassets */ = {isa = PBXFileReference; lastKnownFileType = folder.assetcatalog; path = Assets.xcassets; sourceTree = "<group>"; };
		4480D2032A6D8B230005E1F7 /* Base */ = {isa = PBXFileReference; lastKnownFileType = file.storyboard; name = Base; path = Base.lproj/LaunchScreen.storyboard; sourceTree = "<group>"; };
		4480D2052A6D8B230005E1F7 /* Info.plist */ = {isa = PBXFileReference; lastKnownFileType = text.plist.xml; path = Info.plist; sourceTree = "<group>"; };
		4480D20A2A6D8B240005E1F7 /* Product Viewer AppTests.xctest */ = {isa = PBXFileReference; explicitFileType = wrapper.cfbundle; includeInIndex = 0; path = "Product Viewer AppTests.xctest"; sourceTree = BUILT_PRODUCTS_DIR; };
		4480D20E2A6D8B240005E1F7 /* Product_Viewer_AppTests.swift */ = {isa = PBXFileReference; lastKnownFileType = sourcecode.swift; path = Product_Viewer_AppTests.swift; sourceTree = "<group>"; };
		4480D2142A6D8B240005E1F7 /* Product Viewer AppUITests.xctest */ = {isa = PBXFileReference; explicitFileType = wrapper.cfbundle; includeInIndex = 0; path = "Product Viewer AppUITests.xctest"; sourceTree = BUILT_PRODUCTS_DIR; };
		4480D2182A6D8B240005E1F7 /* Product_Viewer_AppUITests.swift */ = {isa = PBXFileReference; lastKnownFileType = sourcecode.swift; path = Product_Viewer_AppUITests.swift; sourceTree = "<group>"; };
		4480D21A2A6D8B240005E1F7 /* Product_Viewer_AppUITestsLaunchTests.swift */ = {isa = PBXFileReference; lastKnownFileType = sourcecode.swift; path = Product_Viewer_AppUITestsLaunchTests.swift; sourceTree = "<group>"; };
/* End PBXFileReference section */

/* Begin PBXFrameworksBuildPhase section */
		4480D1EE2A6D8B200005E1F7 /* Frameworks */ = {
			isa = PBXFrameworksBuildPhase;
			buildActionMask = 2147483647;
			files = (
			);
			runOnlyForDeploymentPostprocessing = 0;
		};
		4480D2072A6D8B240005E1F7 /* Frameworks */ = {
			isa = PBXFrameworksBuildPhase;
			buildActionMask = 2147483647;
			files = (
			);
			runOnlyForDeploymentPostprocessing = 0;
		};
		4480D2112A6D8B240005E1F7 /* Frameworks */ = {
			isa = PBXFrameworksBuildPhase;
			buildActionMask = 2147483647;
			files = (
			);
			runOnlyForDeploymentPostprocessing = 0;
		};
/* End PBXFrameworksBuildPhase section */

/* Begin PBXGroup section */
		4480D1E82A6D8B200005E1F7 = {
			isa = PBXGroup;
			children = (
				4480D1F32A6D8B200005E1F7 /* Product Viewer App */,
				4480D20D2A6D8B240005E1F7 /* Product Viewer AppTests */,
				4480D2172A6D8B240005E1F7 /* Product Viewer AppUITests */,
				4480D1F22A6D8B200005E1F7 /* Products */,
			);
			sourceTree = "<group>";
		};
		4480D1F22A6D8B200005E1F7 /* Products */ = {
			isa = PBXGroup;
			children = (
				4480D1F12A6D8B200005E1F7 /* Product Viewer App.app */,
				4480D20A2A6D8B240005E1F7 /* Product Viewer AppTests.xctest */,
				4480D2142A6D8B240005E1F7 /* Product Viewer AppUITests.xctest */,
			);
			name = Products;
			sourceTree = "<group>";
		};
		4480D1F32A6D8B200005E1F7 /* Product Viewer App */ = {
			isa = PBXGroup;
			children = (
				4480D1F42A6D8B200005E1F7 /* AppDelegate.swift */,
				4480D1F62A6D8B200005E1F7 /* SceneDelegate.swift */,
				4480D1F82A6D8B200005E1F7 /* ViewController.swift */,
				4480D1FA2A6D8B200005E1F7 /* Main.storyboard */,
				4480D2002A6D8B230005E1F7 /* Assets.xcassets */,
				4480D2022A6D8B230005E1F7 /* LaunchScreen.storyboard */,
				4480D2052A6D8B230005E1F7 /* Info.plist */,
				4480D1FD2A6D8B200005E1F7 /* Product_Viewer_App.xcdatamodeld */,
			);
			path = "Product Viewer App";
			sourceTree = "<group>";
		};
		4480D20D2A6D8B240005E1F7 /* Product Viewer AppTests */ = {
			isa = PBXGroup;
			children = (
				4480D20E2A6D8B240005E1F7 /* Product_Viewer_AppTests.swift */,
			);
			path = "Product Viewer AppTests";
			sourceTree = "<group>";
		};
		4480D2172A6D8B240005E1F7 /* Product Viewer AppUITests */ = {
			isa = PBXGroup;
			children = (
				4480D2182A6D8B240005E1F7 /* Product_Viewer_AppUITests.swift */,
				4480D21A2A6D8B240005E1F7 /* Product_Viewer_AppUITestsLaunchTests.swift */,
			);
			path = "Product Viewer AppUITests";
			sourceTree = "<group>";
		};
/* End PBXGroup section */

/* Begin PBXNativeTarget section */
		4480D1F02A6D8B200005E1F7 /* Product Viewer App */ = {
			isa = PBXNativeTarget;
			buildConfigurationList = 4480D21E2A6D8B240005E1F7 /* Build configuration list for PBXNativeTarget "Product Viewer App" */;
			buildPhases = (
				4480D1ED2A6D8B200005E1F7 /* Sources */,
				4480D1EE2A6D8B200005E1F7 /* Frameworks */,
				4480D1EF2A6D8B200005E1F7 /* Resources */,
			);
			buildRules = (
			);
			dependencies = (
			);
			name = "Product Viewer App";
			productName = "Product Viewer App";
			productReference = 4480D1F12A6D8B200005E1F7 /* Product Viewer App.app */;
			productType = "com.apple.product-type.application";
		};
		4480D2092A6D8B240005E1F7 /* Product Viewer AppTests */ = {
			isa = PBXNativeTarget;
			buildConfigurationList = 4480D2212A6D8B240005E1F7 /* Build configuration list for PBXNativeTarget "Product Viewer AppTests" */;
			buildPhases = (
				4480D2062A6D8B240005E1F7 /* Sources */,
				4480D2072A6D8B240005E1F7 /* Frameworks */,
				4480D2082A6D8B240005E1F7 /* Resources */,
			);
			buildRules = (
			);
			dependencies = (
				4480D20C2A6D8B240005E1F7 /* PBXTargetDependency */,
			);
			name = "Product Viewer AppTests";
			productName = "Product Viewer AppTests";
			productReference = 4480D20A2A6D8B240005E1F7 /* Product Viewer AppTests.xctest */;
			productType = "com.apple.product-type.bundle.unit-test";
		};
		4480D2132A6D8B240005E1F7 /* Product Viewer AppUITests */ = {
			isa = PBXNativeTarget;
			buildConfigurationList = 4480D2242A6D8B240005E1F7 /* Build configuration list for PBXNativeTarget "Product Viewer AppUITests" */;
			buildPhases = (
				4480D2102A6D8B240005E1F7 /* Sources */,
				4480D2112A6D8B240005E1F7 /* Frameworks */,
				4480D2122A6D8B240005E1F7 /* Resources */,
			);
			buildRules = (
			);
			dependencies = (
				4480D2162A6D8B240005E1F7 /* PBXTargetDependency */,
			);
			name = "Product Viewer AppUITests";
			productName = "Product Viewer AppUITests";
			productReference = 4480D2142A6D8B240005E1F7 /* Product Viewer AppUITests.xctest */;
			productType = "com.apple.product-type.bundle.ui-testing";
		};
/* End PBXNativeTarget section */

/* Begin PBXProject section */
		4480D1E92A6D8B200005E1F7 /* Project object */ = {
			isa = PBXProject;
			attributes = {
				BuildIndependentTargetsInParallel = 1;
				LastSwiftUpdateCheck = 1430;
				LastUpgradeCheck = 1430;
				TargetAttributes = {
					4480D1F02A6D8B200005E1F7 = {
						CreatedOnToolsVersion = 14.3;
					};
					4480D2092A6D8B240005E1F7 = {
						CreatedOnToolsVersion = 14.3;
						TestTargetID = 4480D1F02A6D8B200005E1F7;
					};
					4480D2132A6D8B240005E1F7 = {
						CreatedOnToolsVersion = 14.3;
						TestTargetID = 4480D1F02A6D8B200005E1F7;
					};
				};
			};
			buildConfigurationList = 4480D1EC2A6D8B200005E1F7 /* Build configuration list for PBXProject "Product Viewer App" */;
			compatibilityVersion = "Xcode 14.0";
			developmentRegion = en;
			hasScannedForEncodings = 0;
			knownRegions = (
				en,
				Base,
			);
			mainGroup = 4480D1E82A6D8B200005E1F7;
			productRefGroup = 4480D1F22A6D8B200005E1F7 /* Products */;
			projectDirPath = "";
			projectRoot = "";
			targets = (
				4480D1F02A6D8B200005E1F7 /* Product Viewer App */,
				4480D2092A6D8B240005E1F7 /* Product Viewer AppTests */,
				4480D2132A6D8B240005E1F7 /* Product Viewer AppUITests */,
			);
		};
/* End PBXProject section */

/* Begin PBXResourcesBuildPhase section */
		4480D1EF2A6D8B200005E1F7 /* Resources */ = {
			isa = PBXResourcesBuildPhase;
			buildActionMask = 2147483647;
			files = (
				4480D2042A6D8B230005E1F7 /* LaunchScreen.storyboard in Resources */,
				4480D2012A6D8B230005E1F7 /* Assets.xcassets in Resources */,
				4480D1FC2A6D8B200005E1F7 /* Main.storyboard in Resources */,
			);
			runOnlyForDeploymentPostprocessing = 0;
		};
		4480D2082A6D8B240005E1F7 /* Resources */ = {
			isa = PBXResourcesBuildPhase;
			buildActionMask = 2147483647;
			files = (
			);
			runOnlyForDeploymentPostprocessing = 0;
		};
		4480D2122A6D8B240005E1F7 /* Resources */ = {
			isa = PBXResourcesBuildPhase;
			buildActionMask = 2147483647;
			files = (
			);
			runOnlyForDeploymentPostprocessing = 0;
		};
/* End PBXResourcesBuildPhase section */

/* Begin PBXSourcesBuildPhase section */
		4480D1ED2A6D8B200005E1F7 /* Sources */ = {
			isa = PBXSourcesBuildPhase;
			buildActionMask = 2147483647;
			files = (
				4480D1F92A6D8B200005E1F7 /* ViewController.swift in Sources */,
				4480D1FF2A6D8B200005E1F7 /* Product_Viewer_App.xcdatamodeld in Sources */,
				4480D1F52A6D8B200005E1F7 /* AppDelegate.swift in Sources */,
				4480D1F72A6D8B200005E1F7 /* SceneDelegate.swift in Sources */,
			);
			runOnlyForDeploymentPostprocessing = 0;
		};
		4480D2062A6D8B240005E1F7 /* Sources */ = {
			isa = PBXSourcesBuildPhase;
			buildActionMask = 2147483647;
			files = (
				4480D20F2A6D8B240005E1F7 /* Product_Viewer_AppTests.swift in Sources */,
			);
			runOnlyForDeploymentPostprocessing = 0;
		};
		4480D2102A6D8B240005E1F7 /* Sources */ = {
			isa = PBXSourcesBuildPhase;
			buildActionMask = 2147483647;
			files = (
				4480D21B2A6D8B240005E1F7 /* Product_Viewer_AppUITestsLaunchTests.swift in Sources */,
				4480D2192A6D8B240005E1F7 /* Product_Viewer_AppUITests.swift in Sources */,
			);
			runOnlyForDeploymentPostprocessing = 0;
		};
/* End PBXSourcesBuildPhase section */

/* Begin PBXTargetDependency section */
		4480D20C2A6D8B240005E1F7 /* PBXTargetDependency */ = {
			isa = PBXTargetDependency;
			target = 4480D1F02A6D8B200005E1F7 /* Product Viewer App */;
			targetProxy = 4480D20B2A6D8B240005E1F7 /* PBXContainerItemProxy */;
		};
		4480D2162A6D8B240005E1F7 /* PBXTargetDependency */ = {
			isa = PBXTargetDependency;
			target = 4480D1F02A6D8B200005E1F7 /* Product Viewer App */;
			targetProxy = 4480D2152A6D8B240005E1F7 /* PBXContainerItemProxy */;
		};
/* End PBXTargetDependency section */

/* Begin PBXVariantGroup section */
		4480D1FA2A6D8B200005E1F7 /* Main.storyboard */ = {
			isa = PBXVariantGroup;
			children = (
				4480D1FB2A6D8B200005E1F7 /* Base */,
			);
			name = Main.storyboard;
			sourceTree = "<group>";
		};
		4480D2022A6D8B230005E1F7 /* LaunchScreen.storyboard */ = {
			isa = PBXVariantGroup;
			children = (
				4480D2032A6D8B230005E1F7 /* Base */,
			);
			name = LaunchScreen.storyboard;
			sourceTree = "<group>";
		};
/* End PBXVariantGroup section */

/* Begin XCBuildConfiguration section */
		4480D21C2A6D8B240005E1F7 /* Debug */ = {
			isa = XCBuildConfiguration;
			buildSettings = {
				ALWAYS_SEARCH_USER_PATHS = NO;
				CLANG_ANALYZER_NONNULL = YES;
				CLANG_ANALYZER_NUMBER_OBJECT_CONVERSION = YES_AGGRESSIVE;
				CLANG_CXX_LANGUAGE_STANDARD = "gnu++20";
				CLANG_ENABLE_MODULES = YES;
				CLANG_ENABLE_OBJC_ARC = YES;
				CLANG_ENABLE_OBJC_WEAK = YES;
				CLANG_WARN_BLOCK_CAPTURE_AUTORELEASING = YES;
				CLANG_WARN_BOOL_CONVERSION = YES;
				CLANG_WARN_COMMA = YES;
				CLANG_WARN_CONSTANT_CONVERSION = YES;
				CLANG_WARN_DEPRECATED_OBJC_IMPLEMENTATIONS = YES;
				CLANG_WARN_DIRECT_OBJC_ISA_USAGE = YES_ERROR;
				CLANG_WARN_DOCUMENTATION_COMMENTS = YES;
				CLANG_WARN_EMPTY_BODY = YES;
				CLANG_WARN_ENUM_CONVERSION = YES;
				CLANG_WARN_INFINITE_RECURSION = YES;
				CLANG_WARN_INT_CONVERSION = YES;
				CLANG_WARN_NON_LITERAL_NULL_CONVERSION = YES;
				CLANG_WARN_OBJC_IMPLICIT_RETAIN_SELF = YES;
				CLANG_WARN_OBJC_LITERAL_CONVERSION = YES;
				CLANG_WARN_OBJC_ROOT_CLASS = YES_ERROR;
				CLANG_WARN_QUOTED_INCLUDE_IN_FRAMEWORK_HEADER = YES;
				CLANG_WARN_RANGE_LOOP_ANALYSIS = YES;
				CLANG_WARN_STRICT_PROTOTYPES = YES;
				CLANG_WARN_SUSPICIOUS_MOVE = YES;
				CLANG_WARN_UNGUARDED_AVAILABILITY = YES_AGGRESSIVE;
				CLANG_WARN_UNREACHABLE_CODE = YES;
				CLANG_WARN__DUPLICATE_METHOD_MATCH = YES;
				COPY_PHASE_STRIP = NO;
				DEBUG_INFORMATION_FORMAT = dwarf;
				ENABLE_STRICT_OBJC_MSGSEND = YES;
				ENABLE_TESTABILITY = YES;
				GCC_C_LANGUAGE_STANDARD = gnu11;
				GCC_DYNAMIC_NO_PIC = NO;
				GCC_NO_COMMON_BLOCKS = YES;
				GCC_OPTIMIZATION_LEVEL = 0;
				GCC_PREPROCESSOR_DEFINITIONS = (
					"DEBUG=1",
					"$(inherited)",
				);
				GCC_WARN_64_TO_32_BIT_CONVERSION = YES;
				GCC_WARN_ABOUT_RETURN_TYPE = YES_ERROR;
				GCC_WARN_UNDECLARED_SELECTOR = YES;
				GCC_WARN_UNINITIALIZED_AUTOS = YES_AGGRESSIVE;
				GCC_WARN_UNUSED_FUNCTION = YES;
				GCC_WARN_UNUSED_VARIABLE = YES;
				IPHONEOS_DEPLOYMENT_TARGET = 16.4;
				MTL_ENABLE_DEBUG_INFO = INCLUDE_SOURCE;
				MTL_FAST_MATH = YES;
				ONLY_ACTIVE_ARCH = YES;
				SDKROOT = iphoneos;
				SWIFT_ACTIVE_COMPILATION_CONDITIONS = DEBUG;
				SWIFT_OPTIMIZATION_LEVEL = "-Onone";
			};
			name = Debug;
		};
		4480D21D2A6D8B240005E1F7 /* Release */ = {
			isa = XCBuildConfiguration;
			buildSettings = {
				ALWAYS_SEARCH_USER_PATHS = NO;
				CLANG_ANALYZER_NONNULL = YES;
				CLANG_ANALYZER_NUMBER_OBJECT_CONVERSION = YES_AGGRESSIVE;
				CLANG_CXX_LANGUAGE_STANDARD = "gnu++20";
				CLANG_ENABLE_MODULES = YES;
				CLANG_ENABLE_OBJC_ARC = YES;
				CLANG_ENABLE_OBJC_WEAK = YES;
				CLANG_WARN_BLOCK_CAPTURE_AUTORELEASING = YES;
				CLANG_WARN_BOOL_CONVERSION = YES;
				CLANG_WARN_COMMA = YES;
				CLANG_WARN_CONSTANT_CONVERSION = YES;
				CLANG_WARN_DEPRECATED_OBJC_IMPLEMENTATIONS = YES;
				CLANG_WARN_DIRECT_OBJC_ISA_USAGE = YES_ERROR;
				CLANG_WARN_DOCUMENTATION_COMMENTS = YES;
				CLANG_WARN_EMPTY_BODY = YES;
				CLANG_WARN_ENUM_CONVERSION = YES;
				CLANG_WARN_INFINITE_RECURSION = YES;
				CLANG_WARN_INT_CONVERSION = YES;
				CLANG_WARN_NON_LITERAL_NULL_CONVERSION = YES;
				CLANG_WARN_OBJC_IMPLICIT_RETAIN_SELF = YES;
				CLANG_WARN_OBJC_LITERAL_CONVERSION = YES;
				CLANG_WARN_OBJC_ROOT_CLASS = YES_ERROR;
				CLANG_WARN_QUOTED_INCLUDE_IN_FRAMEWORK_HEADER = YES;
				CLANG_WARN_RANGE_LOOP_ANALYSIS = YES;
				CLANG_WARN_STRICT_PROTOTYPES = YES;
				CLANG_WARN_SUSPICIOUS_MOVE = YES;
				CLANG_WARN_UNGUARDED_AVAILABILITY = YES_AGGRESSIVE;
				CLANG_WARN_UNREACHABLE_CODE = YES;
				CLANG_WARN__DUPLICATE_METHOD_MATCH = YES;
				COPY_PHASE_STRIP = NO;
				DEBUG_INFORMATION_FORMAT = "dwarf-with-dsym";
				ENABLE_NS_ASSERTIONS = NO;
				ENABLE_STRICT_OBJC_MSGSEND = YES;
				GCC_C_LANGUAGE_STANDARD = gnu11;
				GCC_NO_COMMON_BLOCKS = YES;
				GCC_WARN_64_TO_32_BIT_CONVERSION = YES;
				GCC_WARN_ABOUT_RETURN_TYPE = YES_ERROR;
				GCC_WARN_UNDECLARED_SELECTOR = YES;
				GCC_WARN_UNINITIALIZED_AUTOS = YES_AGGRESSIVE;
				GCC_WARN_UNUSED_FUNCTION = YES;
				GCC_WARN_UNUSED_VARIABLE = YES;
				IPHONEOS_DEPLOYMENT_TARGET = 16.4;
				MTL_ENABLE_DEBUG_INFO = NO;
				MTL_FAST_MATH = YES;
				SDKROOT = iphoneos;
				SWIFT_COMPILATION_MODE = wholemodule;
				SWIFT_OPTIMIZATION_LEVEL = "-O";
				VALIDATE_PRODUCT = YES;
			};
			name = Release;
		};
		4480D21F2A6D8B240005E1F7 /* Debug */ = {
			isa = XCBuildConfiguration;
			buildSettings = {
				ASSETCATALOG_COMPILER_APPICON_NAME = AppIcon;
				ASSETCATALOG_COMPILER_GLOBAL_ACCENT_COLOR_NAME = AccentColor;
				CODE_SIGN_STYLE = Automatic;
				CURRENT_PROJECT_VERSION = 1;
				DEVELOPMENT_TEAM = 8H2679RM7P;
				GENERATE_INFOPLIST_FILE = YES;
				INFOPLIST_FILE = "Product Viewer App/Info.plist";
				INFOPLIST_KEY_UIApplicationSupportsIndirectInputEvents = YES;
				INFOPLIST_KEY_UILaunchStoryboardName = LaunchScreen;
				INFOPLIST_KEY_UIMainStoryboardFile = Main;
				INFOPLIST_KEY_UISupportedInterfaceOrientations_iPad = "UIInterfaceOrientationPortrait UIInterfaceOrientationPortraitUpsideDown UIInterfaceOrientationLandscapeLeft UIInterfaceOrientationLandscapeRight";
				INFOPLIST_KEY_UISupportedInterfaceOrientations_iPhone = "UIInterfaceOrientationPortrait UIInterfaceOrientationLandscapeLeft UIInterfaceOrientationLandscapeRight";
				LD_RUNPATH_SEARCH_PATHS = (
					"$(inherited)",
					"@executable_path/Frameworks",
				);
				MARKETING_VERSION = 1.0;
				PRODUCT_BUNDLE_IDENTIFIER = "mariam.Product-Viewer-App";
				PRODUCT_NAME = "$(TARGET_NAME)";
				SWIFT_EMIT_LOC_STRINGS = YES;
				SWIFT_VERSION = 5.0;
				TARGETED_DEVICE_FAMILY = "1,2";
			};
			name = Debug;
		};
		4480D2202A6D8B240005E1F7 /* Release */ = {
			isa = XCBuildConfiguration;
			buildSettings = {
				ASSETCATALOG_COMPILER_APPICON_NAME = AppIcon;
				ASSETCATALOG_COMPILER_GLOBAL_ACCENT_COLOR_NAME = AccentColor;
				CODE_SIGN_STYLE = Automatic;
				CURRENT_PROJECT_VERSION = 1;
				DEVELOPMENT_TEAM = 8H2679RM7P;
				GENERATE_INFOPLIST_FILE = YES;
				INFOPLIST_FILE = "Product Viewer App/Info.plist";
				INFOPLIST_KEY_UIApplicationSupportsIndirectInputEvents = YES;
				INFOPLIST_KEY_UILaunchStoryboardName = LaunchScreen;
				INFOPLIST_KEY_UIMainStoryboardFile = Main;
				INFOPLIST_KEY_UISupportedInterfaceOrientations_iPad = "UIInterfaceOrientationPortrait UIInterfaceOrientationPortraitUpsideDown UIInterfaceOrientationLandscapeLeft UIInterfaceOrientationLandscapeRight";
				INFOPLIST_KEY_UISupportedInterfaceOrientations_iPhone = "UIInterfaceOrientationPortrait UIInterfaceOrientationLandscapeLeft UIInterfaceOrientationLandscapeRight";
				LD_RUNPATH_SEARCH_PATHS = (
					"$(inherited)",
					"@executable_path/Frameworks",
				);
				MARKETING_VERSION = 1.0;
				PRODUCT_BUNDLE_IDENTIFIER = "mariam.Product-Viewer-App";
				PRODUCT_NAME = "$(TARGET_NAME)";
				SWIFT_EMIT_LOC_STRINGS = YES;
				SWIFT_VERSION = 5.0;
				TARGETED_DEVICE_FAMILY = "1,2";
			};
			name = Release;
		};
		4480D2222A6D8B240005E1F7 /* Debug */ = {
			isa = XCBuildConfiguration;
			buildSettings = {
				ALWAYS_EMBED_SWIFT_STANDARD_LIBRARIES = YES;
				BUNDLE_LOADER = "$(TEST_HOST)";
				CODE_SIGN_STYLE = Automatic;
				CURRENT_PROJECT_VERSION = 1;
				DEVELOPMENT_TEAM = 8H2679RM7P;
				GENERATE_INFOPLIST_FILE = YES;
				IPHONEOS_DEPLOYMENT_TARGET = 16.4;
				MARKETING_VERSION = 1.0;
				PRODUCT_BUNDLE_IDENTIFIER = "mariam.Product-Viewer-AppTests";
				PRODUCT_NAME = "$(TARGET_NAME)";
				SWIFT_EMIT_LOC_STRINGS = NO;
				SWIFT_VERSION = 5.0;
				TARGETED_DEVICE_FAMILY = "1,2";
				TEST_HOST = "$(BUILT_PRODUCTS_DIR)/Product Viewer App.app/$(BUNDLE_EXECUTABLE_FOLDER_PATH)/Product Viewer App";
			};
			name = Debug;
		};
		4480D2232A6D8B240005E1F7 /* Release */ = {
			isa = XCBuildConfiguration;
			buildSettings = {
				ALWAYS_EMBED_SWIFT_STANDARD_LIBRARIES = YES;
				BUNDLE_LOADER = "$(TEST_HOST)";
				CODE_SIGN_STYLE = Automatic;
				CURRENT_PROJECT_VERSION = 1;
				DEVELOPMENT_TEAM = 8H2679RM7P;
				GENERATE_INFOPLIST_FILE = YES;
				IPHONEOS_DEPLOYMENT_TARGET = 16.4;
				MARKETING_VERSION = 1.0;
				PRODUCT_BUNDLE_IDENTIFIER = "mariam.Product-Viewer-AppTests";
				PRODUCT_NAME = "$(TARGET_NAME)";
				SWIFT_EMIT_LOC_STRINGS = NO;
				SWIFT_VERSION = 5.0;
				TARGETED_DEVICE_FAMILY = "1,2";
				TEST_HOST = "$(BUILT_PRODUCTS_DIR)/Product Viewer App.app/$(BUNDLE_EXECUTABLE_FOLDER_PATH)/Product Viewer App";
			};
			name = Release;
		};
		4480D2252A6D8B240005E1F7 /* Debug */ = {
			isa = XCBuildConfiguration;
			buildSettings = {
				ALWAYS_EMBED_SWIFT_STANDARD_LIBRARIES = YES;
				CODE_SIGN_STYLE = Automatic;
				CURRENT_PROJECT_VERSION = 1;
				DEVELOPMENT_TEAM = 8H2679RM7P;
				GENERATE_INFOPLIST_FILE = YES;
				MARKETING_VERSION = 1.0;
				PRODUCT_BUNDLE_IDENTIFIER = "mariam.Product-Viewer-AppUITests";
				PRODUCT_NAME = "$(TARGET_NAME)";
				SWIFT_EMIT_LOC_STRINGS = NO;
				SWIFT_VERSION = 5.0;
				TARGETED_DEVICE_FAMILY = "1,2";
				TEST_TARGET_NAME = "Product Viewer App";
			};
			name = Debug;
		};
		4480D2262A6D8B240005E1F7 /* Release */ = {
			isa = XCBuildConfiguration;
			buildSettings = {
				ALWAYS_EMBED_SWIFT_STANDARD_LIBRARIES = YES;
				CODE_SIGN_STYLE = Automatic;
				CURRENT_PROJECT_VERSION = 1;
				DEVELOPMENT_TEAM = 8H2679RM7P;
				GENERATE_INFOPLIST_FILE = YES;
				MARKETING_VERSION = 1.0;
				PRODUCT_BUNDLE_IDENTIFIER = "mariam.Product-Viewer-AppUITests";
				PRODUCT_NAME = "$(TARGET_NAME)";
				SWIFT_EMIT_LOC_STRINGS = NO;
				SWIFT_VERSION = 5.0;
				TARGETED_DEVICE_FAMILY = "1,2";
				TEST_TARGET_NAME = "Product Viewer App";
			};
			name = Release;
		};
/* End XCBuildConfiguration section */

/* Begin XCConfigurationList section */
		4480D1EC2A6D8B200005E1F7 /* Build configuration list for PBXProject "Product Viewer App" */ = {
			isa = XCConfigurationList;
			buildConfigurations = (
				4480D21C2A6D8B240005E1F7 /* Debug */,
				4480D21D2A6D8B240005E1F7 /* Release */,
			);
			defaultConfigurationIsVisible = 0;
			defaultConfigurationName = Release;
		};
		4480D21E2A6D8B240005E1F7 /* Build configuration list for PBXNativeTarget "Product Viewer App" */ = {
			isa = XCConfigurationList;
			buildConfigurations = (
				4480D21F2A6D8B240005E1F7 /* Debug */,
				4480D2202A6D8B240005E1F7 /* Release */,
			);
			defaultConfigurationIsVisible = 0;
			defaultConfigurationName = Release;
		};
		4480D2212A6D8B240005E1F7 /* Build configuration list for PBXNativeTarget "Product Viewer AppTests" */ = {
			isa = XCConfigurationList;
			buildConfigurations = (
				4480D2222A6D8B240005E1F7 /* Debug */,
				4480D2232A6D8B240005E1F7 /* Release */,
			);
			defaultConfigurationIsVisible = 0;
			defaultConfigurationName = Release;
		};
		4480D2242A6D8B240005E1F7 /* Build configuration list for PBXNativeTarget "Product Viewer AppUITests" */ = {
			isa = XCConfigurationList;
			buildConfigurations = (
				4480D2252A6D8B240005E1F7 /* Debug */,
				4480D2262A6D8B240005E1F7 /* Release */,
			);
			defaultConfigurationIsVisible = 0;
			defaultConfigurationName = Release;
		};
/* End XCConfigurationList section */

/* Begin XCVersionGroup section */
		4480D1FD2A6D8B200005E1F7 /* Product_Viewer_App.xcdatamodeld */ = {
			isa = XCVersionGroup;
			children = (
				4480D1FE2A6D8B200005E1F7 /* Product_Viewer_App.xcdatamodel */,
			);
			currentVersion = 4480D1FE2A6D8B200005E1F7 /* Product_Viewer_App.xcdatamodel */;
			path = Product_Viewer_App.xcdatamodeld;
			sourceTree = "<group>";
			versionGroupType = wrapper.xcdatamodel;
		};
/* End XCVersionGroup section */
	};
	rootObject = 4480D1E92A6D8B200005E1F7 /* Project object */;
}
